// !$*UTF8*$!
{
	archiveVersion = 1;
	classes = {
	};
	objectVersion = 55;
	objects = {

/* Begin PBXBuildFile section */
		0A846F0C28A1906D00C2B3C5 /* WordleCloneApp.swift in Sources */ = {isa = PBXBuildFile; fileRef = 0A846F0B28A1906D00C2B3C5 /* WordleCloneApp.swift */; };
		0A846F0E28A1906D00C2B3C5 /* GameView.swift in Sources */ = {isa = PBXBuildFile; fileRef = 0A846F0D28A1906D00C2B3C5 /* GameView.swift */; };
		0A846F1028A1906D00C2B3C5 /* Assets.xcassets in Resources */ = {isa = PBXBuildFile; fileRef = 0A846F0F28A1906D00C2B3C5 /* Assets.xcassets */; };
		0A846F1328A1906D00C2B3C5 /* Preview Assets.xcassets in Resources */ = {isa = PBXBuildFile; fileRef = 0A846F1228A1906D00C2B3C5 /* Preview Assets.xcassets */; };
		0A846F1A28A192C700C2B3C5 /* Launch Screen.storyboard in Resources */ = {isa = PBXBuildFile; fileRef = 0A846F1928A192C700C2B3C5 /* Launch Screen.storyboard */; };
		0A846F1E28A19C2800C2B3C5 /* Color+Extension.swift in Sources */ = {isa = PBXBuildFile; fileRef = 0A846F1D28A19C2800C2B3C5 /* Color+Extension.swift */; };
		0A846F2128A19D5200C2B3C5 /* Guess.swift in Sources */ = {isa = PBXBuildFile; fileRef = 0A846F2028A19D5200C2B3C5 /* Guess.swift */; };
		0A846F2428A19E3A00C2B3C5 /* GuessView.swift in Sources */ = {isa = PBXBuildFile; fileRef = 0A846F2328A19E3A00C2B3C5 /* GuessView.swift */; };
		0A846F2728A19F7000C2B3C5 /* WordleDataModel.swift in Sources */ = {isa = PBXBuildFile; fileRef = 0A846F2628A19F7000C2B3C5 /* WordleDataModel.swift */; };
		0A846F2928A1A06000C2B3C5 /* Global.swift in Sources */ = {isa = PBXBuildFile; fileRef = 0A846F2828A1A06000C2B3C5 /* Global.swift */; };
		0A846F2B28A1A5C300C2B3C5 /* LetterButtonView.swift in Sources */ = {isa = PBXBuildFile; fileRef = 0A846F2A28A1A5C300C2B3C5 /* LetterButtonView.swift */; };
		0A846F2D28A1A79800C2B3C5 /* Keyboard.swift in Sources */ = {isa = PBXBuildFile; fileRef = 0A846F2C28A1A79800C2B3C5 /* Keyboard.swift */; };
/* End PBXBuildFile section */

/* Begin PBXFileReference section */
		0A846F0828A1906D00C2B3C5 /* WordleClone.app */ = {isa = PBXFileReference; explicitFileType = wrapper.application; includeInIndex = 0; path = WordleClone.app; sourceTree = BUILT_PRODUCTS_DIR; };
		0A846F0B28A1906D00C2B3C5 /* WordleCloneApp.swift */ = {isa = PBXFileReference; lastKnownFileType = sourcecode.swift; path = WordleCloneApp.swift; sourceTree = "<group>"; };
		0A846F0D28A1906D00C2B3C5 /* GameView.swift */ = {isa = PBXFileReference; lastKnownFileType = sourcecode.swift; path = GameView.swift; sourceTree = "<group>"; };
		0A846F0F28A1906D00C2B3C5 /* Assets.xcassets */ = {isa = PBXFileReference; lastKnownFileType = folder.assetcatalog; path = Assets.xcassets; sourceTree = "<group>"; };
		0A846F1228A1906D00C2B3C5 /* Preview Assets.xcassets */ = {isa = PBXFileReference; lastKnownFileType = folder.assetcatalog; path = "Preview Assets.xcassets"; sourceTree = "<group>"; };
		0A846F1928A192C700C2B3C5 /* Launch Screen.storyboard */ = {isa = PBXFileReference; lastKnownFileType = file.storyboard; path = "Launch Screen.storyboard"; sourceTree = "<group>"; };
		0A846F1D28A19C2800C2B3C5 /* Color+Extension.swift */ = {isa = PBXFileReference; lastKnownFileType = sourcecode.swift; path = "Color+Extension.swift"; sourceTree = "<group>"; };
		0A846F2028A19D5200C2B3C5 /* Guess.swift */ = {isa = PBXFileReference; lastKnownFileType = sourcecode.swift; path = Guess.swift; sourceTree = "<group>"; };
		0A846F2328A19E3A00C2B3C5 /* GuessView.swift */ = {isa = PBXFileReference; lastKnownFileType = sourcecode.swift; path = GuessView.swift; sourceTree = "<group>"; };
		0A846F2628A19F7000C2B3C5 /* WordleDataModel.swift */ = {isa = PBXFileReference; lastKnownFileType = sourcecode.swift; path = WordleDataModel.swift; sourceTree = "<group>"; };
		0A846F2828A1A06000C2B3C5 /* Global.swift */ = {isa = PBXFileReference; lastKnownFileType = sourcecode.swift; path = Global.swift; sourceTree = "<group>"; };
		0A846F2A28A1A5C300C2B3C5 /* LetterButtonView.swift */ = {isa = PBXFileReference; lastKnownFileType = sourcecode.swift; path = LetterButtonView.swift; sourceTree = "<group>"; };
		0A846F2C28A1A79800C2B3C5 /* Keyboard.swift */ = {isa = PBXFileReference; lastKnownFileType = sourcecode.swift; path = Keyboard.swift; sourceTree = "<group>"; };
/* End PBXFileReference section */

/* Begin PBXFrameworksBuildPhase section */
		0A846F0528A1906D00C2B3C5 /* Frameworks */ = {
			isa = PBXFrameworksBuildPhase;
			buildActionMask = 2147483647;
			files = (
			);
			runOnlyForDeploymentPostprocessing = 0;
		};
/* End PBXFrameworksBuildPhase section */

/* Begin PBXGroup section */
		0A846EFF28A1906D00C2B3C5 = {
			isa = PBXGroup;
			children = (
				0A846F0A28A1906D00C2B3C5 /* WordleClone */,
				0A846F0928A1906D00C2B3C5 /* Products */,
			);
			sourceTree = "<group>";
		};
		0A846F0928A1906D00C2B3C5 /* Products */ = {
			isa = PBXGroup;
			children = (
				0A846F0828A1906D00C2B3C5 /* WordleClone.app */,
			);
			name = Products;
			sourceTree = "<group>";
		};
		0A846F0A28A1906D00C2B3C5 /* WordleClone */ = {
			isa = PBXGroup;
			children = (
				0A846F2528A19F5900C2B3C5 /* ViemModels */,
				0A846F2228A19E1700C2B3C5 /* Views */,
				0A846F1F28A19D4400C2B3C5 /* Models */,
				0A846F1C28A19C0C00C2B3C5 /* Extesions */,
				0A846F0B28A1906D00C2B3C5 /* WordleCloneApp.swift */,
				0A846F0F28A1906D00C2B3C5 /* Assets.xcassets */,
				0A846F1128A1906D00C2B3C5 /* Preview Content */,
				0A846F1928A192C700C2B3C5 /* Launch Screen.storyboard */,
			);
			path = WordleClone;
			sourceTree = "<group>";
		};
		0A846F1128A1906D00C2B3C5 /* Preview Content */ = {
			isa = PBXGroup;
			children = (
				0A846F1228A1906D00C2B3C5 /* Preview Assets.xcassets */,
			);
			path = "Preview Content";
			sourceTree = "<group>";
		};
		0A846F1C28A19C0C00C2B3C5 /* Extesions */ = {
			isa = PBXGroup;
			children = (
				0A846F1D28A19C2800C2B3C5 /* Color+Extension.swift */,
			);
			path = Extesions;
			sourceTree = "<group>";
		};
		0A846F1F28A19D4400C2B3C5 /* Models */ = {
			isa = PBXGroup;
			children = (
				0A846F2028A19D5200C2B3C5 /* Guess.swift */,
				0A846F2828A1A06000C2B3C5 /* Global.swift */,
			);
			path = Models;
			sourceTree = "<group>";
		};
		0A846F2228A19E1700C2B3C5 /* Views */ = {
			isa = PBXGroup;
			children = (
				0A846F0D28A1906D00C2B3C5 /* GameView.swift */,
				0A846F2328A19E3A00C2B3C5 /* GuessView.swift */,
				0A846F2A28A1A5C300C2B3C5 /* LetterButtonView.swift */,
				0A846F2C28A1A79800C2B3C5 /* Keyboard.swift */,
			);
			path = Views;
			sourceTree = "<group>";
		};
		0A846F2528A19F5900C2B3C5 /* ViemModels */ = {
			isa = PBXGroup;
			children = (
				0A846F2628A19F7000C2B3C5 /* WordleDataModel.swift */,
			);
			path = ViemModels;
			sourceTree = "<group>";
		};
/* End PBXGroup section */

/* Begin PBXNativeTarget section */
		0A846F0728A1906D00C2B3C5 /* WordleClone */ = {
			isa = PBXNativeTarget;
			buildConfigurationList = 0A846F1628A1906D00C2B3C5 /* Build configuration list for PBXNativeTarget "WordleClone" */;
			buildPhases = (
				0A846F0428A1906D00C2B3C5 /* Sources */,
				0A846F0528A1906D00C2B3C5 /* Frameworks */,
				0A846F0628A1906D00C2B3C5 /* Resources */,
			);
			buildRules = (
			);
			dependencies = (
			);
			name = WordleClone;
			productName = WordleClone;
			productReference = 0A846F0828A1906D00C2B3C5 /* WordleClone.app */;
			productType = "com.apple.product-type.application";
		};
/* End PBXNativeTarget section */

/* Begin PBXProject section */
		0A846F0028A1906D00C2B3C5 /* Project object */ = {
			isa = PBXProject;
			attributes = {
				BuildIndependentTargetsInParallel = 1;
				LastSwiftUpdateCheck = 1340;
				LastUpgradeCheck = 1340;
				TargetAttributes = {
					0A846F0728A1906D00C2B3C5 = {
						CreatedOnToolsVersion = 13.4.1;
					};
				};
			};
			buildConfigurationList = 0A846F0328A1906D00C2B3C5 /* Build configuration list for PBXProject "WordleClone" */;
			compatibilityVersion = "Xcode 13.0";
			developmentRegion = en;
			hasScannedForEncodings = 0;
			knownRegions = (
				en,
				Base,
			);
			mainGroup = 0A846EFF28A1906D00C2B3C5;
			productRefGroup = 0A846F0928A1906D00C2B3C5 /* Products */;
			projectDirPath = "";
			projectRoot = "";
			targets = (
				0A846F0728A1906D00C2B3C5 /* WordleClone */,
			);
		};
/* End PBXProject section */

/* Begin PBXResourcesBuildPhase section */
		0A846F0628A1906D00C2B3C5 /* Resources */ = {
			isa = PBXResourcesBuildPhase;
			buildActionMask = 2147483647;
			files = (
				0A846F1A28A192C700C2B3C5 /* Launch Screen.storyboard in Resources */,
				0A846F1328A1906D00C2B3C5 /* Preview Assets.xcassets in Resources */,
				0A846F1028A1906D00C2B3C5 /* Assets.xcassets in Resources */,
			);
			runOnlyForDeploymentPostprocessing = 0;
		};
/* End PBXResourcesBuildPhase section */

/* Begin PBXSourcesBuildPhase section */
		0A846F0428A1906D00C2B3C5 /* Sources */ = {
			isa = PBXSourcesBuildPhase;
			buildActionMask = 2147483647;
			files = (
				0A846F2B28A1A5C300C2B3C5 /* LetterButtonView.swift in Sources */,
				0A846F0E28A1906D00C2B3C5 /* GameView.swift in Sources */,
				0A846F2428A19E3A00C2B3C5 /* GuessView.swift in Sources */,
				0A846F2128A19D5200C2B3C5 /* Guess.swift in Sources */,
				0A846F2D28A1A79800C2B3C5 /* Keyboard.swift in Sources */,
				0A846F1E28A19C2800C2B3C5 /* Color+Extension.swift in Sources */,
				0A846F2728A19F7000C2B3C5 /* WordleDataModel.swift in Sources */,
				0A846F0C28A1906D00C2B3C5 /* WordleCloneApp.swift in Sources */,
				0A846F2928A1A06000C2B3C5 /* Global.swift in Sources */,
			);
			runOnlyForDeploymentPostprocessing = 0;
		};
/* End PBXSourcesBuildPhase section */

/* Begin XCBuildConfiguration section */
		0A846F1428A1906D00C2B3C5 /* Debug */ = {
			isa = XCBuildConfiguration;
			buildSettings = {
				ALWAYS_SEARCH_USER_PATHS = NO;
				CLANG_ANALYZER_NONNULL = YES;
				CLANG_ANALYZER_NUMBER_OBJECT_CONVERSION = YES_AGGRESSIVE;
				CLANG_CXX_LANGUAGE_STANDARD = "gnu++17";
				CLANG_ENABLE_MODULES = YES;
				CLANG_ENABLE_OBJC_ARC = YES;
				CLANG_ENABLE_OBJC_WEAK = YES;
				CLANG_WARN_BLOCK_CAPTURE_AUTORELEASING = YES;
				CLANG_WARN_BOOL_CONVERSION = YES;
				CLANG_WARN_COMMA = YES;
				CLANG_WARN_CONSTANT_CONVERSION = YES;
				CLANG_WARN_DEPRECATED_OBJC_IMPLEMENTATIONS = YES;
				CLANG_WARN_DIRECT_OBJC_ISA_USAGE = YES_ERROR;
				CLANG_WARN_DOCUMENTATION_COMMENTS = YES;
				CLANG_WARN_EMPTY_BODY = YES;
				CLANG_WARN_ENUM_CONVERSION = YES;
				CLANG_WARN_INFINITE_RECURSION = YES;
				CLANG_WARN_INT_CONVERSION = YES;
				CLANG_WARN_NON_LITERAL_NULL_CONVERSION = YES;
				CLANG_WARN_OBJC_IMPLICIT_RETAIN_SELF = YES;
				CLANG_WARN_OBJC_LITERAL_CONVERSION = YES;
				CLANG_WARN_OBJC_ROOT_CLASS = YES_ERROR;
				CLANG_WARN_QUOTED_INCLUDE_IN_FRAMEWORK_HEADER = YES;
				CLANG_WARN_RANGE_LOOP_ANALYSIS = YES;
				CLANG_WARN_STRICT_PROTOTYPES = YES;
				CLANG_WARN_SUSPICIOUS_MOVE = YES;
				CLANG_WARN_UNGUARDED_AVAILABILITY = YES_AGGRESSIVE;
				CLANG_WARN_UNREACHABLE_CODE = YES;
				CLANG_WARN__DUPLICATE_METHOD_MATCH = YES;
				COPY_PHASE_STRIP = NO;
				DEBUG_INFORMATION_FORMAT = dwarf;
				ENABLE_STRICT_OBJC_MSGSEND = YES;
				ENABLE_TESTABILITY = YES;
				GCC_C_LANGUAGE_STANDARD = gnu11;
				GCC_DYNAMIC_NO_PIC = NO;
				GCC_NO_COMMON_BLOCKS = YES;
				GCC_OPTIMIZATION_LEVEL = 0;
				GCC_PREPROCESSOR_DEFINITIONS = (
					"DEBUG=1",
					"$(inherited)",
				);
				GCC_WARN_64_TO_32_BIT_CONVERSION = YES;
				GCC_WARN_ABOUT_RETURN_TYPE = YES_ERROR;
				GCC_WARN_UNDECLARED_SELECTOR = YES;
				GCC_WARN_UNINITIALIZED_AUTOS = YES_AGGRESSIVE;
				GCC_WARN_UNUSED_FUNCTION = YES;
				GCC_WARN_UNUSED_VARIABLE = YES;
				IPHONEOS_DEPLOYMENT_TARGET = 15.5;
				MTL_ENABLE_DEBUG_INFO = INCLUDE_SOURCE;
				MTL_FAST_MATH = YES;
				ONLY_ACTIVE_ARCH = YES;
				SDKROOT = iphoneos;
				SWIFT_ACTIVE_COMPILATION_CONDITIONS = DEBUG;
				SWIFT_OPTIMIZATION_LEVEL = "-Onone";
			};
			name = Debug;
		};
		0A846F1528A1906D00C2B3C5 /* Release */ = {
			isa = XCBuildConfiguration;
			buildSettings = {
				ALWAYS_SEARCH_USER_PATHS = NO;
				CLANG_ANALYZER_NONNULL = YES;
				CLANG_ANALYZER_NUMBER_OBJECT_CONVERSION = YES_AGGRESSIVE;
				CLANG_CXX_LANGUAGE_STANDARD = "gnu++17";
				CLANG_ENABLE_MODULES = YES;
				CLANG_ENABLE_OBJC_ARC = YES;
				CLANG_ENABLE_OBJC_WEAK = YES;
				CLANG_WARN_BLOCK_CAPTURE_AUTORELEASING = YES;
				CLANG_WARN_BOOL_CONVERSION = YES;
				CLANG_WARN_COMMA = YES;
				CLANG_WARN_CONSTANT_CONVERSION = YES;
				CLANG_WARN_DEPRECATED_OBJC_IMPLEMENTATIONS = YES;
				CLANG_WARN_DIRECT_OBJC_ISA_USAGE = YES_ERROR;
				CLANG_WARN_DOCUMENTATION_COMMENTS = YES;
				CLANG_WARN_EMPTY_BODY = YES;
				CLANG_WARN_ENUM_CONVERSION = YES;
				CLANG_WARN_INFINITE_RECURSION = YES;
				CLANG_WARN_INT_CONVERSION = YES;
				CLANG_WARN_NON_LITERAL_NULL_CONVERSION = YES;
				CLANG_WARN_OBJC_IMPLICIT_RETAIN_SELF = YES;
				CLANG_WARN_OBJC_LITERAL_CONVERSION = YES;
				CLANG_WARN_OBJC_ROOT_CLASS = YES_ERROR;
				CLANG_WARN_QUOTED_INCLUDE_IN_FRAMEWORK_HEADER = YES;
				CLANG_WARN_RANGE_LOOP_ANALYSIS = YES;
				CLANG_WARN_STRICT_PROTOTYPES = YES;
				CLANG_WARN_SUSPICIOUS_MOVE = YES;
				CLANG_WARN_UNGUARDED_AVAILABILITY = YES_AGGRESSIVE;
				CLANG_WARN_UNREACHABLE_CODE = YES;
				CLANG_WARN__DUPLICATE_METHOD_MATCH = YES;
				COPY_PHASE_STRIP = NO;
				DEBUG_INFORMATION_FORMAT = "dwarf-with-dsym";
				ENABLE_NS_ASSERTIONS = NO;
				ENABLE_STRICT_OBJC_MSGSEND = YES;
				GCC_C_LANGUAGE_STANDARD = gnu11;
				GCC_NO_COMMON_BLOCKS = YES;
				GCC_WARN_64_TO_32_BIT_CONVERSION = YES;
				GCC_WARN_ABOUT_RETURN_TYPE = YES_ERROR;
				GCC_WARN_UNDECLARED_SELECTOR = YES;
				GCC_WARN_UNINITIALIZED_AUTOS = YES_AGGRESSIVE;
				GCC_WARN_UNUSED_FUNCTION = YES;
				GCC_WARN_UNUSED_VARIABLE = YES;
				IPHONEOS_DEPLOYMENT_TARGET = 15.5;
				MTL_ENABLE_DEBUG_INFO = NO;
				MTL_FAST_MATH = YES;
				SDKROOT = iphoneos;
				SWIFT_COMPILATION_MODE = wholemodule;
				SWIFT_OPTIMIZATION_LEVEL = "-O";
				VALIDATE_PRODUCT = YES;
			};
			name = Release;
		};
		0A846F1728A1906D00C2B3C5 /* Debug */ = {
			isa = XCBuildConfiguration;
			buildSettings = {
				ASSETCATALOG_COMPILER_APPICON_NAME = AppIcon;
				ASSETCATALOG_COMPILER_GLOBAL_ACCENT_COLOR_NAME = AccentColor;
				CODE_SIGN_ENTITLEMENTS = WordleClone/WordleClone.entitlements;
				CODE_SIGN_STYLE = Automatic;
				CURRENT_PROJECT_VERSION = 1;
				DEVELOPMENT_ASSET_PATHS = "\"WordleClone/Preview Content\"";
				DEVELOPMENT_TEAM = 3FV5J94G7D;
				ENABLE_PREVIEWS = YES;
				GENERATE_INFOPLIST_FILE = YES;
				INFOPLIST_KEY_UIApplicationSceneManifest_Generation = YES;
				INFOPLIST_KEY_UIApplicationSupportsIndirectInputEvents = YES;
				INFOPLIST_KEY_UILaunchScreen_Generation = YES;
				INFOPLIST_KEY_UILaunchStoryboardName = "Launch Screen";
				INFOPLIST_KEY_UIRequiresFullScreen = YES;
				INFOPLIST_KEY_UISupportedInterfaceOrientations_iPad = "UIInterfaceOrientationPortrait UIInterfaceOrientationPortraitUpsideDown UIInterfaceOrientationLandscapeLeft UIInterfaceOrientationLandscapeRight";
				INFOPLIST_KEY_UISupportedInterfaceOrientations_iPhone = UIInterfaceOrientationPortrait;
				LD_RUNPATH_SEARCH_PATHS = (
					"$(inherited)",
					"@executable_path/Frameworks",
				);
				MARKETING_VERSION = 1.0;
				PRODUCT_BUNDLE_IDENTIFIER = com.maxkup19.WordleClone;
				PRODUCT_NAME = "$(TARGET_NAME)";
				SUPPORTS_MACCATALYST = NO;
				SWIFT_EMIT_LOC_STRINGS = YES;
				SWIFT_VERSION = 5.0;
				TARGETED_DEVICE_FAMILY = "1,2";
			};
			name = Debug;
		};
		0A846F1828A1906D00C2B3C5 /* Release */ = {
			isa = XCBuildConfiguration;
			buildSettings = {
				ASSETCATALOG_COMPILER_APPICON_NAME = AppIcon;
				ASSETCATALOG_COMPILER_GLOBAL_ACCENT_COLOR_NAME = AccentColor;
				CODE_SIGN_ENTITLEMENTS = WordleClone/WordleClone.entitlements;
				CODE_SIGN_STYLE = Automatic;
				CURRENT_PROJECT_VERSION = 1;
				DEVELOPMENT_ASSET_PATHS = "\"WordleClone/Preview Content\"";
				DEVELOPMENT_TEAM = 3FV5J94G7D;
				ENABLE_PREVIEWS = YES;
				GENERATE_INFOPLIST_FILE = YES;
				INFOPLIST_KEY_UIApplicationSceneManifest_Generation = YES;
				INFOPLIST_KEY_UIApplicationSupportsIndirectInputEvents = YES;
				INFOPLIST_KEY_UILaunchScreen_Generation = YES;
				INFOPLIST_KEY_UILaunchStoryboardName = "Launch Screen";
				INFOPLIST_KEY_UIRequiresFullScreen = YES;
				INFOPLIST_KEY_UISupportedInterfaceOrientations_iPad = "UIInterfaceOrientationPortrait UIInterfaceOrientationPortraitUpsideDown UIInterfaceOrientationLandscapeLeft UIInterfaceOrientationLandscapeRight";
				INFOPLIST_KEY_UISupportedInterfaceOrientations_iPhone = UIInterfaceOrientationPortrait;
				LD_RUNPATH_SEARCH_PATHS = (
					"$(inherited)",
					"@executable_path/Frameworks",
				);
				MARKETING_VERSION = 1.0;
				PRODUCT_BUNDLE_IDENTIFIER = com.maxkup19.WordleClone;
				PRODUCT_NAME = "$(TARGET_NAME)";
				SUPPORTS_MACCATALYST = NO;
				SWIFT_EMIT_LOC_STRINGS = YES;
				SWIFT_VERSION = 5.0;
				TARGETED_DEVICE_FAMILY = "1,2";
			};
			name = Release;
		};
/* End XCBuildConfiguration section */

/* Begin XCConfigurationList section */
		0A846F0328A1906D00C2B3C5 /* Build configuration list for PBXProject "WordleClone" */ = {
			isa = XCConfigurationList;
			buildConfigurations = (
				0A846F1428A1906D00C2B3C5 /* Debug */,
				0A846F1528A1906D00C2B3C5 /* Release */,
			);
			defaultConfigurationIsVisible = 0;
			defaultConfigurationName = Release;
		};
		0A846F1628A1906D00C2B3C5 /* Build configuration list for PBXNativeTarget "WordleClone" */ = {
			isa = XCConfigurationList;
			buildConfigurations = (
				0A846F1728A1906D00C2B3C5 /* Debug */,
				0A846F1828A1906D00C2B3C5 /* Release */,
			);
			defaultConfigurationIsVisible = 0;
			defaultConfigurationName = Release;
		};
/* End XCConfigurationList section */
	};
	rootObject = 0A846F0028A1906D00C2B3C5 /* Project object */;
}
